
Microsoft Visual Studio Solution File, Format Version 12.00
# Visual Studio 15
VisualStudioVersion = 15.0.26730.3
MinimumVisualStudioVersion = 10.0.40219.1
Project("{9A19103F-16F7-4668-BE54-9A1E7A4F7556}") = "JCE.Utils", "src\JCE.Utils\JCE.Utils.csproj", "{FB2AC0A6-167E-4330-BA70-BAF1BC434056}"
EndProject
Project("{9A19103F-16F7-4668-BE54-9A1E7A4F7556}") = "JCE.Logs", "src\JCE.Logs\JCE.Logs.csproj", "{07AB7910-2705-42A0-8D39-7F3862477B80}"
EndProject
Project("{9A19103F-16F7-4668-BE54-9A1E7A4F7556}") = "JCE", "src\JCE\JCE.csproj", "{F149BA4D-7E2F-495E-8FFA-D943870D1DA3}"
EndProject
Project("{9A19103F-16F7-4668-BE54-9A1E7A4F7556}") = "JCE.Events", "src\JCE.Events\JCE.Events.csproj", "{22355C06-C68C-4809-9084-13783A0EA016}"
EndProject
Project("{9A19103F-16F7-4668-BE54-9A1E7A4F7556}") = "JCE.Security", "src\JCE.Security\JCE.Security.csproj", "{DDF7B652-2091-404D-8AE5-949806F08B86}"
EndProject
Project("{9A19103F-16F7-4668-BE54-9A1E7A4F7556}") = "JCE.Logs.Exceptionless", "src\JCE.Logs.Exceptionless\JCE.Logs.Exceptionless.csproj", "{8A404817-5570-4EB0-AA30-6F3DB9564B0F}"
EndProject
Project("{9A19103F-16F7-4668-BE54-9A1E7A4F7556}") = "JCE.Logs.NLog", "src\JCE.Logs.NLog\JCE.Logs.NLog.csproj", "{B5008EE9-1DE8-40A4-8565-13F2418B819C}"
EndProject
Project("{9A19103F-16F7-4668-BE54-9A1E7A4F7556}") = "JCE.Logs.Log4Net", "src\JCE.Logs.Log4Net\JCE.Logs.Log4Net.csproj", "{AA33FE2B-C23A-4761-892C-80AB642A59E7}"
EndProject
Project("{9A19103F-16F7-4668-BE54-9A1E7A4F7556}") = "JCE.Samples.Webs", "sample\JCE.Samples.Webs\JCE.Samples.Webs.csproj", "{5AE13FC3-7C66-42E4-869C-E8E3BCA7E7B1}"
EndProject
Project("{2150E333-8FDC-42A3-9474-1A3956D46DE8}") = "01-src", "01-src", "{B301363A-4646-4BC6-B4DE-7129A73525E4}"
EndProject
Project("{2150E333-8FDC-42A3-9474-1A3956D46DE8}") = "02-sample", "02-sample", "{E20E7072-8DC7-4D7E-9701-1285D0D5AA20}"
EndProject
Project("{FAE04EC0-301F-11D3-BF4B-00C04F79EFBC}") = "JCE.Datas.EntityFramework", "src\JCE.Datas.EntityFramework\JCE.Datas.EntityFramework.csproj", "{764DE363-78B6-4CEF-936D-CC2ADC92E803}"
EndProject
Global
	GlobalSection(SolutionConfigurationPlatforms) = preSolution
		Debug|Any CPU = Debug|Any CPU
		Release|Any CPU = Release|Any CPU
	EndGlobalSection
	GlobalSection(ProjectConfigurationPlatforms) = postSolution
		{FB2AC0A6-167E-4330-BA70-BAF1BC434056}.Debug|Any CPU.ActiveCfg = Debug|Any CPU
		{FB2AC0A6-167E-4330-BA70-BAF1BC434056}.Debug|Any CPU.Build.0 = Debug|Any CPU
		{FB2AC0A6-167E-4330-BA70-BAF1BC434056}.Release|Any CPU.ActiveCfg = Release|Any CPU
		{FB2AC0A6-167E-4330-BA70-BAF1BC434056}.Release|Any CPU.Build.0 = Release|Any CPU
		{07AB7910-2705-42A0-8D39-7F3862477B80}.Debug|Any CPU.ActiveCfg = Debug|Any CPU
		{07AB7910-2705-42A0-8D39-7F3862477B80}.Debug|Any CPU.Build.0 = Debug|Any CPU
		{07AB7910-2705-42A0-8D39-7F3862477B80}.Release|Any CPU.ActiveCfg = Release|Any CPU
		{07AB7910-2705-42A0-8D39-7F3862477B80}.Release|Any CPU.Build.0 = Release|Any CPU
		{F149BA4D-7E2F-495E-8FFA-D943870D1DA3}.Debug|Any CPU.ActiveCfg = Debug|Any CPU
		{F149BA4D-7E2F-495E-8FFA-D943870D1DA3}.Debug|Any CPU.Build.0 = Debug|Any CPU
		{F149BA4D-7E2F-495E-8FFA-D943870D1DA3}.Release|Any CPU.ActiveCfg = Release|Any CPU
		{F149BA4D-7E2F-495E-8FFA-D943870D1DA3}.Release|Any CPU.Build.0 = Release|Any CPU
		{22355C06-C68C-4809-9084-13783A0EA016}.Debug|Any CPU.ActiveCfg = Debug|Any CPU
		{22355C06-C68C-4809-9084-13783A0EA016}.Debug|Any CPU.Build.0 = Debug|Any CPU
		{22355C06-C68C-4809-9084-13783A0EA016}.Release|Any CPU.ActiveCfg = Release|Any CPU
		{22355C06-C68C-4809-9084-13783A0EA016}.Release|Any CPU.Build.0 = Release|Any CPU
		{DDF7B652-2091-404D-8AE5-949806F08B86}.Debug|Any CPU.ActiveCfg = Debug|Any CPU
		{DDF7B652-2091-404D-8AE5-949806F08B86}.Debug|Any CPU.Build.0 = Debug|Any CPU
		{DDF7B652-2091-404D-8AE5-949806F08B86}.Release|Any CPU.ActiveCfg = Release|Any CPU
		{DDF7B652-2091-404D-8AE5-949806F08B86}.Release|Any CPU.Build.0 = Release|Any CPU
		{8A404817-5570-4EB0-AA30-6F3DB9564B0F}.Debug|Any CPU.ActiveCfg = Debug|Any CPU
		{8A404817-5570-4EB0-AA30-6F3DB9564B0F}.Debug|Any CPU.Build.0 = Debug|Any CPU
		{8A404817-5570-4EB0-AA30-6F3DB9564B0F}.Release|Any CPU.ActiveCfg = Release|Any CPU
		{8A404817-5570-4EB0-AA30-6F3DB9564B0F}.Release|Any CPU.Build.0 = Release|Any CPU
		{B5008EE9-1DE8-40A4-8565-13F2418B819C}.Debug|Any CPU.ActiveCfg = Debug|Any CPU
		{B5008EE9-1DE8-40A4-8565-13F2418B819C}.Debug|Any CPU.Build.0 = Debug|Any CPU
		{B5008EE9-1DE8-40A4-8565-13F2418B819C}.Release|Any CPU.ActiveCfg = Release|Any CPU
		{B5008EE9-1DE8-40A4-8565-13F2418B819C}.Release|Any CPU.Build.0 = Release|Any CPU
		{AA33FE2B-C23A-4761-892C-80AB642A59E7}.Debug|Any CPU.ActiveCfg = Debug|Any CPU
		{AA33FE2B-C23A-4761-892C-80AB642A59E7}.Debug|Any CPU.Build.0 = Debug|Any CPU
		{AA33FE2B-C23A-4761-892C-80AB642A59E7}.Release|Any CPU.ActiveCfg = Release|Any CPU
		{AA33FE2B-C23A-4761-892C-80AB642A59E7}.Release|Any CPU.Build.0 = Release|Any CPU
		{5AE13FC3-7C66-42E4-869C-E8E3BCA7E7B1}.Debug|Any CPU.ActiveCfg = Debug|Any CPU
		{5AE13FC3-7C66-42E4-869C-E8E3BCA7E7B1}.Debug|Any CPU.Build.0 = Debug|Any CPU
		{5AE13FC3-7C66-42E4-869C-E8E3BCA7E7B1}.Release|Any CPU.ActiveCfg = Release|Any CPU
		{5AE13FC3-7C66-42E4-869C-E8E3BCA7E7B1}.Release|Any CPU.Build.0 = Release|Any CPU
		{764DE363-78B6-4CEF-936D-CC2ADC92E803}.Debug|Any CPU.ActiveCfg = Debug|Any CPU
		{764DE363-78B6-4CEF-936D-CC2ADC92E803}.Debug|Any CPU.Build.0 = Debug|Any CPU
		{764DE363-78B6-4CEF-936D-CC2ADC92E803}.Release|Any CPU.ActiveCfg = Release|Any CPU
		{764DE363-78B6-4CEF-936D-CC2ADC92E803}.Release|Any CPU.Build.0 = Release|Any CPU
	EndGlobalSection
	GlobalSection(SolutionProperties) = preSolution
		HideSolutionNode = FALSE
	EndGlobalSection
	GlobalSection(NestedProjects) = preSolution
		{FB2AC0A6-167E-4330-BA70-BAF1BC434056} = {B301363A-4646-4BC6-B4DE-7129A73525E4}
		{07AB7910-2705-42A0-8D39-7F3862477B80} = {B301363A-4646-4BC6-B4DE-7129A73525E4}
		{F149BA4D-7E2F-495E-8FFA-D943870D1DA3} = {B301363A-4646-4BC6-B4DE-7129A73525E4}
		{22355C06-C68C-4809-9084-13783A0EA016} = {B301363A-4646-4BC6-B4DE-7129A73525E4}
		{DDF7B652-2091-404D-8AE5-949806F08B86} = {B301363A-4646-4BC6-B4DE-7129A73525E4}
		{8A404817-5570-4EB0-AA30-6F3DB9564B0F} = {B301363A-4646-4BC6-B4DE-7129A73525E4}
		{B5008EE9-1DE8-40A4-8565-13F2418B819C} = {B301363A-4646-4BC6-B4DE-7129A73525E4}
		{AA33FE2B-C23A-4761-892C-80AB642A59E7} = {B301363A-4646-4BC6-B4DE-7129A73525E4}
		{5AE13FC3-7C66-42E4-869C-E8E3BCA7E7B1} = {E20E7072-8DC7-4D7E-9701-1285D0D5AA20}
		{764DE363-78B6-4CEF-936D-CC2ADC92E803} = {B301363A-4646-4BC6-B4DE-7129A73525E4}
	EndGlobalSection
	GlobalSection(ExtensibilityGlobals) = postSolution
		SolutionGuid = {C380A49E-1EFF-447A-B6A2-F1AC71FCBABE}
	EndGlobalSection
EndGlobal
