
Microsoft Visual Studio Solution File, Format Version 12.00
# Visual Studio 15
VisualStudioVersion = 15.0.27004.2009
MinimumVisualStudioVersion = 10.0.40219.1
Project("{9A19103F-16F7-4668-BE54-9A1E7A4F7556}") = "JCE.Utils", "src\JCE.Utils\JCE.Utils.csproj", "{FB2AC0A6-167E-4330-BA70-BAF1BC434056}"
EndProject
Project("{9A19103F-16F7-4668-BE54-9A1E7A4F7556}") = "JCE.Logs", "src\JCE.Logs\JCE.Logs.csproj", "{07AB7910-2705-42A0-8D39-7F3862477B80}"
EndProject
Project("{9A19103F-16F7-4668-BE54-9A1E7A4F7556}") = "JCE", "src\JCE\JCE.csproj", "{F149BA4D-7E2F-495E-8FFA-D943870D1DA3}"
EndProject
Project("{9A19103F-16F7-4668-BE54-9A1E7A4F7556}") = "JCE.Events", "src\JCE.Events\JCE.Events.csproj", "{22355C06-C68C-4809-9084-13783A0EA016}"
EndProject
Project("{9A19103F-16F7-4668-BE54-9A1E7A4F7556}") = "JCE.Security", "src\JCE.Security\JCE.Security.csproj", "{DDF7B652-2091-404D-8AE5-949806F08B86}"
EndProject
Project("{9A19103F-16F7-4668-BE54-9A1E7A4F7556}") = "JCE.Logs.Exceptionless", "src\JCE.Logs.Exceptionless\JCE.Logs.Exceptionless.csproj", "{8A404817-5570-4EB0-AA30-6F3DB9564B0F}"
EndProject
Project("{9A19103F-16F7-4668-BE54-9A1E7A4F7556}") = "JCE.Logs.NLog", "src\JCE.Logs.NLog\JCE.Logs.NLog.csproj", "{B5008EE9-1DE8-40A4-8565-13F2418B819C}"
EndProject
Project("{9A19103F-16F7-4668-BE54-9A1E7A4F7556}") = "JCE.Logs.Log4Net", "src\JCE.Logs.Log4Net\JCE.Logs.Log4Net.csproj", "{AA33FE2B-C23A-4761-892C-80AB642A59E7}"
EndProject
Project("{9A19103F-16F7-4668-BE54-9A1E7A4F7556}") = "JCE.Samples.Webs", "sample\JCE.Samples.Webs\JCE.Samples.Webs.csproj", "{5AE13FC3-7C66-42E4-869C-E8E3BCA7E7B1}"
EndProject
Project("{2150E333-8FDC-42A3-9474-1A3956D46DE8}") = "01-src", "01-src", "{B301363A-4646-4BC6-B4DE-7129A73525E4}"
EndProject
Project("{2150E333-8FDC-42A3-9474-1A3956D46DE8}") = "03-sample", "03-sample", "{E20E7072-8DC7-4D7E-9701-1285D0D5AA20}"
EndProject
Project("{9A19103F-16F7-4668-BE54-9A1E7A4F7556}") = "JCE.Datas.EntityFramework", "src\JCE.Datas.EntityFramework\JCE.Datas.EntityFramework.csproj", "{764DE363-78B6-4CEF-936D-CC2ADC92E803}"
EndProject
Project("{9A19103F-16F7-4668-BE54-9A1E7A4F7556}") = "JCE.Datas.EntityFramework.SqlServer", "src\JCE.Datas.EntityFramework.SqlServer\JCE.Datas.EntityFramework.SqlServer.csproj", "{3F3C760A-54F2-454B-A62C-D05DE3137BD1}"
EndProject
Project("{9A19103F-16F7-4668-BE54-9A1E7A4F7556}") = "JCE.Datas.EntityFramework.MySql", "src\JCE.Datas.EntityFramework.MySql\JCE.Datas.EntityFramework.MySql.csproj", "{2907537B-700E-4795-88E4-60F5EDFBC163}"
EndProject
Project("{2150E333-8FDC-42A3-9474-1A3956D46DE8}") = "01-Core", "01-Core", "{158DCA65-4685-49A8-8504-5CF81F05789D}"
EndProject
Project("{2150E333-8FDC-42A3-9474-1A3956D46DE8}") = "02-Ui", "02-Ui", "{12167A26-ABF5-4787-98DD-F37D54277C7F}"
EndProject
Project("{2150E333-8FDC-42A3-9474-1A3956D46DE8}") = "03-Logs", "03-Logs", "{0ECC5258-192F-4A17-A58B-C3132C6E5D34}"
EndProject
Project("{2150E333-8FDC-42A3-9474-1A3956D46DE8}") = "05-Datas", "05-Datas", "{B8B69A04-D627-4C0E-91D1-4869215A2DF3}"
EndProject
Project("{2150E333-8FDC-42A3-9474-1A3956D46DE8}") = "00-Utils", "00-Utils", "{8333F099-A77F-4ED3-8CA8-ADAED9AA20BC}"
EndProject
Project("{2150E333-8FDC-42A3-9474-1A3956D46DE8}") = "01-Core", "01-Core", "{7373539E-1C8B-4B02-93E1-BF12C6F13E33}"
EndProject
Project("{2150E333-8FDC-42A3-9474-1A3956D46DE8}") = "04-Events", "04-Events", "{CFC22402-6F4F-47BE-A702-8A37F5EEFCE7}"
EndProject
Project("{2150E333-8FDC-42A3-9474-1A3956D46DE8}") = "02-Security", "02-Security", "{56C9F7EA-EF26-44BB-959F-62E0ED86F2C8}"
EndProject
Project("{2150E333-8FDC-42A3-9474-1A3956D46DE8}") = "02-test", "02-test", "{CBD3A234-18FA-4D70-9E0A-01349D0A1C21}"
EndProject
Project("{9A19103F-16F7-4668-BE54-9A1E7A4F7556}") = "JCE.Tests", "test\JCE.Tests\JCE.Tests.csproj", "{C377BD13-3B1D-428B-A595-68AF50769E65}"
EndProject
Project("{9A19103F-16F7-4668-BE54-9A1E7A4F7556}") = "JCE.Utils.Test", "test\JCE.Utils.Test\JCE.Utils.Test.csproj", "{D8E0D411-95E0-4DF6-8B96-2867D3E48CB9}"
EndProject
Project("{9A19103F-16F7-4668-BE54-9A1E7A4F7556}") = "JCE.Utils.Encrypts", "src\JCE.Utils.Encrypts\JCE.Utils.Encrypts.csproj", "{EAE75D93-5DD6-4065-938A-8CE08B2E650B}"
EndProject
Project("{9A19103F-16F7-4668-BE54-9A1E7A4F7556}") = "JCE.Utils.Encrypts.Test", "test\JCE.Utils.Encrypts.Test\JCE.Utils.Encrypts.Test.csproj", "{E3909BE0-BE7F-4C58-B4A7-5E3195FA590F}"
EndProject
Project("{2150E333-8FDC-42A3-9474-1A3956D46DE8}") = "06-Applications", "06-Applications", "{EB674CAF-8127-4680-A975-98ED8542C93A}"
EndProject
Project("{9A19103F-16F7-4668-BE54-9A1E7A4F7556}") = "JCE.Applications", "src\JCE.Applications\JCE.Applications.csproj", "{5D480F7B-D321-451F-92B9-1A9390A06C4C}"
EndProject
Project("{9A19103F-16F7-4668-BE54-9A1E7A4F7556}") = "JCE.Utils.AutoMapper", "src\JCE.Utils.AutoMapper\JCE.Utils.AutoMapper.csproj", "{942EF0A1-27D0-4F4B-A2E9-090D9927E46B}"
EndProject
Project("{2150E333-8FDC-42A3-9474-1A3956D46DE8}") = "07-Webs", "07-Webs", "{EAE3A9B9-4E8F-4186-ACC8-E436C4BB9FD4}"
EndProject
Project("{9A19103F-16F7-4668-BE54-9A1E7A4F7556}") = "JCE.Webs", "src\JCE.Webs\JCE.Webs.csproj", "{7D6EF2D7-F8AA-43FF-9F8A-20531812F012}"
EndProject
Project("{2150E333-8FDC-42A3-9474-1A3956D46DE8}") = "03-Tools", "03-Tools", "{A8FE058F-EC31-4D7D-ACA2-57AA4DEB1058}"
EndProject
Project("{9A19103F-16F7-4668-BE54-9A1E7A4F7556}") = "JCE.Tools.QrCode", "src\JCE.Tools.QrCode\JCE.Tools.QrCode.csproj", "{CA258FAB-10DD-4BBF-A05E-161D13324A7E}"
EndProject
Project("{9A19103F-16F7-4668-BE54-9A1E7A4F7556}") = "JCE.Tools.QrCode.ZXing", "src\JCE.Tools.QrCode.ZXing\JCE.Tools.QrCode.ZXing.csproj", "{2A079E90-83F5-4C1C-BDE3-CDF9F06D5076}"
EndProject
Project("{9A19103F-16F7-4668-BE54-9A1E7A4F7556}") = "JCE.Tools.QrCode.ZXing.Test", "test\JCE.Tools.QrCode.ZXing.Test\JCE.Tools.QrCode.ZXing.Test.csproj", "{5CBB1D02-5D40-4D5E-B5C6-3DCDE87DC38D}"
EndProject
Project("{9A19103F-16F7-4668-BE54-9A1E7A4F7556}") = "JCE.Tools.QrCode.QrCoder", "src\JCE.Tools.QrCode.QrCoder\JCE.Tools.QrCode.QrCoder.csproj", "{BC4383E7-CD85-46B8-A19D-7F9E20E9514F}"
EndProject
Project("{9A19103F-16F7-4668-BE54-9A1E7A4F7556}") = "JCE.ComputerInfo", "src\JCE.ComputerInfo\JCE.ComputerInfo.csproj", "{A423B64E-4E58-414A-989E-C0C7E6309621}"
EndProject
Project("{9A19103F-16F7-4668-BE54-9A1E7A4F7556}") = "JCE.ComputerInfo.Test", "test\JCE.ComputerInfo.Test\JCE.ComputerInfo.Test.csproj", "{88417B5E-8ECA-4038-B878-70F8740ECD43}"
EndProject
Project("{FAE04EC0-301F-11D3-BF4B-00C04F79EFBC}") = "JCE.Samples.Services", "sample\JCE.Samples.Services\JCE.Samples.Services.csproj", "{F8E4AED7-129F-4E01-9F2F-F0D582A22361}"
EndProject
Global
	GlobalSection(SolutionConfigurationPlatforms) = preSolution
		Debug|Any CPU = Debug|Any CPU
		Release|Any CPU = Release|Any CPU
	EndGlobalSection
	GlobalSection(ProjectConfigurationPlatforms) = postSolution
		{FB2AC0A6-167E-4330-BA70-BAF1BC434056}.Debug|Any CPU.ActiveCfg = Debug|Any CPU
		{FB2AC0A6-167E-4330-BA70-BAF1BC434056}.Debug|Any CPU.Build.0 = Debug|Any CPU
		{FB2AC0A6-167E-4330-BA70-BAF1BC434056}.Release|Any CPU.ActiveCfg = Release|Any CPU
		{FB2AC0A6-167E-4330-BA70-BAF1BC434056}.Release|Any CPU.Build.0 = Release|Any CPU
		{07AB7910-2705-42A0-8D39-7F3862477B80}.Debug|Any CPU.ActiveCfg = Debug|Any CPU
		{07AB7910-2705-42A0-8D39-7F3862477B80}.Debug|Any CPU.Build.0 = Debug|Any CPU
		{07AB7910-2705-42A0-8D39-7F3862477B80}.Release|Any CPU.ActiveCfg = Release|Any CPU
		{07AB7910-2705-42A0-8D39-7F3862477B80}.Release|Any CPU.Build.0 = Release|Any CPU
		{F149BA4D-7E2F-495E-8FFA-D943870D1DA3}.Debug|Any CPU.ActiveCfg = Debug|Any CPU
		{F149BA4D-7E2F-495E-8FFA-D943870D1DA3}.Debug|Any CPU.Build.0 = Debug|Any CPU
		{F149BA4D-7E2F-495E-8FFA-D943870D1DA3}.Release|Any CPU.ActiveCfg = Release|Any CPU
		{F149BA4D-7E2F-495E-8FFA-D943870D1DA3}.Release|Any CPU.Build.0 = Release|Any CPU
		{22355C06-C68C-4809-9084-13783A0EA016}.Debug|Any CPU.ActiveCfg = Debug|Any CPU
		{22355C06-C68C-4809-9084-13783A0EA016}.Debug|Any CPU.Build.0 = Debug|Any CPU
		{22355C06-C68C-4809-9084-13783A0EA016}.Release|Any CPU.ActiveCfg = Release|Any CPU
		{22355C06-C68C-4809-9084-13783A0EA016}.Release|Any CPU.Build.0 = Release|Any CPU
		{DDF7B652-2091-404D-8AE5-949806F08B86}.Debug|Any CPU.ActiveCfg = Debug|Any CPU
		{DDF7B652-2091-404D-8AE5-949806F08B86}.Debug|Any CPU.Build.0 = Debug|Any CPU
		{DDF7B652-2091-404D-8AE5-949806F08B86}.Release|Any CPU.ActiveCfg = Release|Any CPU
		{DDF7B652-2091-404D-8AE5-949806F08B86}.Release|Any CPU.Build.0 = Release|Any CPU
		{8A404817-5570-4EB0-AA30-6F3DB9564B0F}.Debug|Any CPU.ActiveCfg = Debug|Any CPU
		{8A404817-5570-4EB0-AA30-6F3DB9564B0F}.Debug|Any CPU.Build.0 = Debug|Any CPU
		{8A404817-5570-4EB0-AA30-6F3DB9564B0F}.Release|Any CPU.ActiveCfg = Release|Any CPU
		{8A404817-5570-4EB0-AA30-6F3DB9564B0F}.Release|Any CPU.Build.0 = Release|Any CPU
		{B5008EE9-1DE8-40A4-8565-13F2418B819C}.Debug|Any CPU.ActiveCfg = Debug|Any CPU
		{B5008EE9-1DE8-40A4-8565-13F2418B819C}.Debug|Any CPU.Build.0 = Debug|Any CPU
		{B5008EE9-1DE8-40A4-8565-13F2418B819C}.Release|Any CPU.ActiveCfg = Release|Any CPU
		{B5008EE9-1DE8-40A4-8565-13F2418B819C}.Release|Any CPU.Build.0 = Release|Any CPU
		{AA33FE2B-C23A-4761-892C-80AB642A59E7}.Debug|Any CPU.ActiveCfg = Debug|Any CPU
		{AA33FE2B-C23A-4761-892C-80AB642A59E7}.Debug|Any CPU.Build.0 = Debug|Any CPU
		{AA33FE2B-C23A-4761-892C-80AB642A59E7}.Release|Any CPU.ActiveCfg = Release|Any CPU
		{AA33FE2B-C23A-4761-892C-80AB642A59E7}.Release|Any CPU.Build.0 = Release|Any CPU
		{5AE13FC3-7C66-42E4-869C-E8E3BCA7E7B1}.Debug|Any CPU.ActiveCfg = Debug|Any CPU
		{5AE13FC3-7C66-42E4-869C-E8E3BCA7E7B1}.Debug|Any CPU.Build.0 = Debug|Any CPU
		{5AE13FC3-7C66-42E4-869C-E8E3BCA7E7B1}.Release|Any CPU.ActiveCfg = Release|Any CPU
		{5AE13FC3-7C66-42E4-869C-E8E3BCA7E7B1}.Release|Any CPU.Build.0 = Release|Any CPU
		{764DE363-78B6-4CEF-936D-CC2ADC92E803}.Debug|Any CPU.ActiveCfg = Debug|Any CPU
		{764DE363-78B6-4CEF-936D-CC2ADC92E803}.Debug|Any CPU.Build.0 = Debug|Any CPU
		{764DE363-78B6-4CEF-936D-CC2ADC92E803}.Release|Any CPU.ActiveCfg = Release|Any CPU
		{764DE363-78B6-4CEF-936D-CC2ADC92E803}.Release|Any CPU.Build.0 = Release|Any CPU
		{3F3C760A-54F2-454B-A62C-D05DE3137BD1}.Debug|Any CPU.ActiveCfg = Debug|Any CPU
		{3F3C760A-54F2-454B-A62C-D05DE3137BD1}.Debug|Any CPU.Build.0 = Debug|Any CPU
		{3F3C760A-54F2-454B-A62C-D05DE3137BD1}.Release|Any CPU.ActiveCfg = Release|Any CPU
		{3F3C760A-54F2-454B-A62C-D05DE3137BD1}.Release|Any CPU.Build.0 = Release|Any CPU
		{2907537B-700E-4795-88E4-60F5EDFBC163}.Debug|Any CPU.ActiveCfg = Debug|Any CPU
		{2907537B-700E-4795-88E4-60F5EDFBC163}.Debug|Any CPU.Build.0 = Debug|Any CPU
		{2907537B-700E-4795-88E4-60F5EDFBC163}.Release|Any CPU.ActiveCfg = Release|Any CPU
		{2907537B-700E-4795-88E4-60F5EDFBC163}.Release|Any CPU.Build.0 = Release|Any CPU
		{C377BD13-3B1D-428B-A595-68AF50769E65}.Debug|Any CPU.ActiveCfg = Debug|Any CPU
		{C377BD13-3B1D-428B-A595-68AF50769E65}.Debug|Any CPU.Build.0 = Debug|Any CPU
		{C377BD13-3B1D-428B-A595-68AF50769E65}.Release|Any CPU.ActiveCfg = Release|Any CPU
		{C377BD13-3B1D-428B-A595-68AF50769E65}.Release|Any CPU.Build.0 = Release|Any CPU
		{D8E0D411-95E0-4DF6-8B96-2867D3E48CB9}.Debug|Any CPU.ActiveCfg = Debug|Any CPU
		{D8E0D411-95E0-4DF6-8B96-2867D3E48CB9}.Debug|Any CPU.Build.0 = Debug|Any CPU
		{D8E0D411-95E0-4DF6-8B96-2867D3E48CB9}.Release|Any CPU.ActiveCfg = Release|Any CPU
		{D8E0D411-95E0-4DF6-8B96-2867D3E48CB9}.Release|Any CPU.Build.0 = Release|Any CPU
		{EAE75D93-5DD6-4065-938A-8CE08B2E650B}.Debug|Any CPU.ActiveCfg = Debug|Any CPU
		{EAE75D93-5DD6-4065-938A-8CE08B2E650B}.Debug|Any CPU.Build.0 = Debug|Any CPU
		{EAE75D93-5DD6-4065-938A-8CE08B2E650B}.Release|Any CPU.ActiveCfg = Release|Any CPU
		{EAE75D93-5DD6-4065-938A-8CE08B2E650B}.Release|Any CPU.Build.0 = Release|Any CPU
		{E3909BE0-BE7F-4C58-B4A7-5E3195FA590F}.Debug|Any CPU.ActiveCfg = Debug|Any CPU
		{E3909BE0-BE7F-4C58-B4A7-5E3195FA590F}.Debug|Any CPU.Build.0 = Debug|Any CPU
		{E3909BE0-BE7F-4C58-B4A7-5E3195FA590F}.Release|Any CPU.ActiveCfg = Release|Any CPU
		{E3909BE0-BE7F-4C58-B4A7-5E3195FA590F}.Release|Any CPU.Build.0 = Release|Any CPU
		{5D480F7B-D321-451F-92B9-1A9390A06C4C}.Debug|Any CPU.ActiveCfg = Debug|Any CPU
		{5D480F7B-D321-451F-92B9-1A9390A06C4C}.Debug|Any CPU.Build.0 = Debug|Any CPU
		{5D480F7B-D321-451F-92B9-1A9390A06C4C}.Release|Any CPU.ActiveCfg = Release|Any CPU
		{5D480F7B-D321-451F-92B9-1A9390A06C4C}.Release|Any CPU.Build.0 = Release|Any CPU
		{942EF0A1-27D0-4F4B-A2E9-090D9927E46B}.Debug|Any CPU.ActiveCfg = Debug|Any CPU
		{942EF0A1-27D0-4F4B-A2E9-090D9927E46B}.Debug|Any CPU.Build.0 = Debug|Any CPU
		{942EF0A1-27D0-4F4B-A2E9-090D9927E46B}.Release|Any CPU.ActiveCfg = Release|Any CPU
		{942EF0A1-27D0-4F4B-A2E9-090D9927E46B}.Release|Any CPU.Build.0 = Release|Any CPU
		{7D6EF2D7-F8AA-43FF-9F8A-20531812F012}.Debug|Any CPU.ActiveCfg = Debug|Any CPU
		{7D6EF2D7-F8AA-43FF-9F8A-20531812F012}.Debug|Any CPU.Build.0 = Debug|Any CPU
		{7D6EF2D7-F8AA-43FF-9F8A-20531812F012}.Release|Any CPU.ActiveCfg = Release|Any CPU
		{7D6EF2D7-F8AA-43FF-9F8A-20531812F012}.Release|Any CPU.Build.0 = Release|Any CPU
		{CA258FAB-10DD-4BBF-A05E-161D13324A7E}.Debug|Any CPU.ActiveCfg = Debug|Any CPU
		{CA258FAB-10DD-4BBF-A05E-161D13324A7E}.Debug|Any CPU.Build.0 = Debug|Any CPU
		{CA258FAB-10DD-4BBF-A05E-161D13324A7E}.Release|Any CPU.ActiveCfg = Release|Any CPU
		{CA258FAB-10DD-4BBF-A05E-161D13324A7E}.Release|Any CPU.Build.0 = Release|Any CPU
		{2A079E90-83F5-4C1C-BDE3-CDF9F06D5076}.Debug|Any CPU.ActiveCfg = Debug|Any CPU
		{2A079E90-83F5-4C1C-BDE3-CDF9F06D5076}.Debug|Any CPU.Build.0 = Debug|Any CPU
		{2A079E90-83F5-4C1C-BDE3-CDF9F06D5076}.Release|Any CPU.ActiveCfg = Release|Any CPU
		{2A079E90-83F5-4C1C-BDE3-CDF9F06D5076}.Release|Any CPU.Build.0 = Release|Any CPU
		{5CBB1D02-5D40-4D5E-B5C6-3DCDE87DC38D}.Debug|Any CPU.ActiveCfg = Debug|Any CPU
		{5CBB1D02-5D40-4D5E-B5C6-3DCDE87DC38D}.Debug|Any CPU.Build.0 = Debug|Any CPU
		{5CBB1D02-5D40-4D5E-B5C6-3DCDE87DC38D}.Release|Any CPU.ActiveCfg = Release|Any CPU
		{5CBB1D02-5D40-4D5E-B5C6-3DCDE87DC38D}.Release|Any CPU.Build.0 = Release|Any CPU
		{BC4383E7-CD85-46B8-A19D-7F9E20E9514F}.Debug|Any CPU.ActiveCfg = Debug|Any CPU
		{BC4383E7-CD85-46B8-A19D-7F9E20E9514F}.Debug|Any CPU.Build.0 = Debug|Any CPU
		{BC4383E7-CD85-46B8-A19D-7F9E20E9514F}.Release|Any CPU.ActiveCfg = Release|Any CPU
		{BC4383E7-CD85-46B8-A19D-7F9E20E9514F}.Release|Any CPU.Build.0 = Release|Any CPU
		{A423B64E-4E58-414A-989E-C0C7E6309621}.Debug|Any CPU.ActiveCfg = Debug|Any CPU
		{A423B64E-4E58-414A-989E-C0C7E6309621}.Debug|Any CPU.Build.0 = Debug|Any CPU
		{A423B64E-4E58-414A-989E-C0C7E6309621}.Release|Any CPU.ActiveCfg = Release|Any CPU
		{A423B64E-4E58-414A-989E-C0C7E6309621}.Release|Any CPU.Build.0 = Release|Any CPU
		{88417B5E-8ECA-4038-B878-70F8740ECD43}.Debug|Any CPU.ActiveCfg = Debug|Any CPU
		{88417B5E-8ECA-4038-B878-70F8740ECD43}.Debug|Any CPU.Build.0 = Debug|Any CPU
		{88417B5E-8ECA-4038-B878-70F8740ECD43}.Release|Any CPU.ActiveCfg = Release|Any CPU
		{88417B5E-8ECA-4038-B878-70F8740ECD43}.Release|Any CPU.Build.0 = Release|Any CPU
		{F8E4AED7-129F-4E01-9F2F-F0D582A22361}.Debug|Any CPU.ActiveCfg = Debug|Any CPU
		{F8E4AED7-129F-4E01-9F2F-F0D582A22361}.Debug|Any CPU.Build.0 = Debug|Any CPU
		{F8E4AED7-129F-4E01-9F2F-F0D582A22361}.Release|Any CPU.ActiveCfg = Release|Any CPU
		{F8E4AED7-129F-4E01-9F2F-F0D582A22361}.Release|Any CPU.Build.0 = Release|Any CPU
	EndGlobalSection
	GlobalSection(SolutionProperties) = preSolution
		HideSolutionNode = FALSE
	EndGlobalSection
	GlobalSection(NestedProjects) = preSolution
		{FB2AC0A6-167E-4330-BA70-BAF1BC434056} = {8333F099-A77F-4ED3-8CA8-ADAED9AA20BC}
		{07AB7910-2705-42A0-8D39-7F3862477B80} = {0ECC5258-192F-4A17-A58B-C3132C6E5D34}
		{F149BA4D-7E2F-495E-8FFA-D943870D1DA3} = {7373539E-1C8B-4B02-93E1-BF12C6F13E33}
		{22355C06-C68C-4809-9084-13783A0EA016} = {CFC22402-6F4F-47BE-A702-8A37F5EEFCE7}
		{DDF7B652-2091-404D-8AE5-949806F08B86} = {56C9F7EA-EF26-44BB-959F-62E0ED86F2C8}
		{8A404817-5570-4EB0-AA30-6F3DB9564B0F} = {0ECC5258-192F-4A17-A58B-C3132C6E5D34}
		{B5008EE9-1DE8-40A4-8565-13F2418B819C} = {0ECC5258-192F-4A17-A58B-C3132C6E5D34}
		{AA33FE2B-C23A-4761-892C-80AB642A59E7} = {0ECC5258-192F-4A17-A58B-C3132C6E5D34}
		{5AE13FC3-7C66-42E4-869C-E8E3BCA7E7B1} = {E20E7072-8DC7-4D7E-9701-1285D0D5AA20}
		{764DE363-78B6-4CEF-936D-CC2ADC92E803} = {B8B69A04-D627-4C0E-91D1-4869215A2DF3}
		{3F3C760A-54F2-454B-A62C-D05DE3137BD1} = {B8B69A04-D627-4C0E-91D1-4869215A2DF3}
		{2907537B-700E-4795-88E4-60F5EDFBC163} = {B8B69A04-D627-4C0E-91D1-4869215A2DF3}
		{158DCA65-4685-49A8-8504-5CF81F05789D} = {B301363A-4646-4BC6-B4DE-7129A73525E4}
		{12167A26-ABF5-4787-98DD-F37D54277C7F} = {B301363A-4646-4BC6-B4DE-7129A73525E4}
		{0ECC5258-192F-4A17-A58B-C3132C6E5D34} = {158DCA65-4685-49A8-8504-5CF81F05789D}
		{B8B69A04-D627-4C0E-91D1-4869215A2DF3} = {158DCA65-4685-49A8-8504-5CF81F05789D}
		{8333F099-A77F-4ED3-8CA8-ADAED9AA20BC} = {B301363A-4646-4BC6-B4DE-7129A73525E4}
		{7373539E-1C8B-4B02-93E1-BF12C6F13E33} = {158DCA65-4685-49A8-8504-5CF81F05789D}
		{CFC22402-6F4F-47BE-A702-8A37F5EEFCE7} = {158DCA65-4685-49A8-8504-5CF81F05789D}
		{56C9F7EA-EF26-44BB-959F-62E0ED86F2C8} = {158DCA65-4685-49A8-8504-5CF81F05789D}
		{C377BD13-3B1D-428B-A595-68AF50769E65} = {CBD3A234-18FA-4D70-9E0A-01349D0A1C21}
		{D8E0D411-95E0-4DF6-8B96-2867D3E48CB9} = {CBD3A234-18FA-4D70-9E0A-01349D0A1C21}
		{EAE75D93-5DD6-4065-938A-8CE08B2E650B} = {8333F099-A77F-4ED3-8CA8-ADAED9AA20BC}
		{E3909BE0-BE7F-4C58-B4A7-5E3195FA590F} = {CBD3A234-18FA-4D70-9E0A-01349D0A1C21}
		{EB674CAF-8127-4680-A975-98ED8542C93A} = {158DCA65-4685-49A8-8504-5CF81F05789D}
		{5D480F7B-D321-451F-92B9-1A9390A06C4C} = {EB674CAF-8127-4680-A975-98ED8542C93A}
		{942EF0A1-27D0-4F4B-A2E9-090D9927E46B} = {8333F099-A77F-4ED3-8CA8-ADAED9AA20BC}
		{EAE3A9B9-4E8F-4186-ACC8-E436C4BB9FD4} = {158DCA65-4685-49A8-8504-5CF81F05789D}
		{7D6EF2D7-F8AA-43FF-9F8A-20531812F012} = {EAE3A9B9-4E8F-4186-ACC8-E436C4BB9FD4}
		{A8FE058F-EC31-4D7D-ACA2-57AA4DEB1058} = {B301363A-4646-4BC6-B4DE-7129A73525E4}
		{CA258FAB-10DD-4BBF-A05E-161D13324A7E} = {A8FE058F-EC31-4D7D-ACA2-57AA4DEB1058}
		{2A079E90-83F5-4C1C-BDE3-CDF9F06D5076} = {A8FE058F-EC31-4D7D-ACA2-57AA4DEB1058}
		{5CBB1D02-5D40-4D5E-B5C6-3DCDE87DC38D} = {CBD3A234-18FA-4D70-9E0A-01349D0A1C21}
		{BC4383E7-CD85-46B8-A19D-7F9E20E9514F} = {A8FE058F-EC31-4D7D-ACA2-57AA4DEB1058}
		{A423B64E-4E58-414A-989E-C0C7E6309621} = {158DCA65-4685-49A8-8504-5CF81F05789D}
		{88417B5E-8ECA-4038-B878-70F8740ECD43} = {CBD3A234-18FA-4D70-9E0A-01349D0A1C21}
		{F8E4AED7-129F-4E01-9F2F-F0D582A22361} = {E20E7072-8DC7-4D7E-9701-1285D0D5AA20}
	EndGlobalSection
	GlobalSection(ExtensibilityGlobals) = postSolution
		SolutionGuid = {C380A49E-1EFF-447A-B6A2-F1AC71FCBABE}
	EndGlobalSection
EndGlobal
